
Microsoft Visual Studio Solution File, Format Version 12.00
# Visual Studio 15
VisualStudioVersion = 15.0.28010.2036
MinimumVisualStudioVersion = 10.0.40219.1
Project("{FAE04EC0-301F-11D3-BF4B-00C04F79EFBC}") = "VirtualPetV1", "VirtualPetV1\VirtualPetV1.csproj", "{F4401EE3-6236-4628-B14A-84E22EB04561}"
EndProject
Global
	GlobalSection(SolutionConfigurationPlatforms) = preSolution
		Debug|Any CPU = Debug|Any CPU
		Release|Any CPU = Release|Any CPU
	EndGlobalSection
	GlobalSection(ProjectConfigurationPlatforms) = postSolution
		{F4401EE3-6236-4628-B14A-84E22EB04561}.Debug|Any CPU.ActiveCfg = Debug|Any CPU
		{F4401EE3-6236-4628-B14A-84E22EB04561}.Debug|Any CPU.Build.0 = Debug|Any CPU
		{F4401EE3-6236-4628-B14A-84E22EB04561}.Release|Any CPU.ActiveCfg = Release|Any CPU
		{F4401EE3-6236-4628-B14A-84E22EB04561}.Release|Any CPU.Build.0 = Release|Any CPU
	EndGlobalSection
	GlobalSection(SolutionProperties) = preSolution
		HideSolutionNode = FALSE
	EndGlobalSection
	GlobalSection(ExtensibilityGlobals) = postSolution
		SolutionGuid = {E580BCE6-2042-40CE-904E-E774DF019004}
	EndGlobalSection
EndGlobal
